version = 1
requires-python = ">=3.9"

[[package]]
name = "cached-property"
version = "1.5.2"
source = { registry = "https://pypi.org/simple" }
sdist = { url = "https://files.pythonhosted.org/packages/61/2c/d21c1c23c2895c091fa7a91a54b6872098fea913526932d21902088a7c41/cached-property-1.5.2.tar.gz", hash = "sha256:9fa5755838eecbb2d234c3aa390bd80fbd3ac6b6869109bfc1b499f7bd89a130", size = 12244 }
wheels = [
    { url = "https://files.pythonhosted.org/packages/48/19/f2090f7dad41e225c7f2326e4cfe6fff49e57dedb5b53636c9551f86b069/cached_property-1.5.2-py2.py3-none-any.whl", hash = "sha256:df4f613cf7ad9a588cc381aaf4a512d26265ecebd5eb9e1ba12f1319eb85a6a0", size = 7573 },
]

[[package]]
name = "cytoolz"
version = "0.12.3"
source = { registry = "https://pypi.org/simple" }
dependencies = [
    { name = "toolz" },
]
sdist = { url = "https://files.pythonhosted.org/packages/70/d8/8df71050b214686591241a1826d2e6934b5c295c5bc57f643e4ed697f1eb/cytoolz-0.12.3.tar.gz", hash = "sha256:4503dc59f4ced53a54643272c61dc305d1dbbfbd7d6bdf296948de9f34c3a282", size = 625899 }
wheels = [
    { url = "https://files.pythonhosted.org/packages/ec/11/ebc8b85c77cc2247c169af808901a80e5d29429b3c9b0d114d4048ad2a5a/cytoolz-0.12.3-cp310-cp310-macosx_10_9_x86_64.whl", hash = "sha256:bbe58e26c84b163beba0fbeacf6b065feabc8f75c6d3fe305550d33f24a2d346", size = 413462 },
    { url = "https://files.pythonhosted.org/packages/19/22/57f20a9f135a08a6fc9848744c324c4facca2b1370a1ae4e8333e274c707/cytoolz-0.12.3-cp310-cp310-macosx_11_0_arm64.whl", hash = "sha256:c51b66ada9bfdb88cf711bf350fcc46f82b83a4683cf2413e633c31a64df6201", size = 396040 },
    { url = "https://files.pythonhosted.org/packages/12/30/337a18b1182888bf5d59357095a83f537a88e2db32ee0381166a83deddda/cytoolz-0.12.3-cp310-cp310-manylinux_2_17_aarch64.manylinux2014_aarch64.whl", hash = "sha256:e70d9c615e5c9dc10d279d1e32e846085fe1fd6f08d623ddd059a92861f4e3dd", size = 1933264 },
    { url = "https://files.pythonhosted.org/packages/93/a3/c244bfacd046316cd0a4cffd2e245a8dd9b685168497c3b7c776bdb72c59/cytoolz-0.12.3-cp310-cp310-manylinux_2_17_ppc64le.manylinux2014_ppc64le.whl", hash = "sha256:a83f4532707963ae1a5108e51fdfe1278cc8724e3301fee48b9e73e1316de64f", size = 2014114 },
    { url = "https://files.pythonhosted.org/packages/a6/40/51bdfe7fd1cad802eabebb7bb742e694227db25c4806eebf4358229e3220/cytoolz-0.12.3-cp310-cp310-manylinux_2_17_s390x.manylinux2014_s390x.whl", hash = "sha256:d028044524ee2e815f36210a793c414551b689d4f4eda28f8bbb0883ad78bf5f", size = 1999458 },
    { url = "https://files.pythonhosted.org/packages/f7/0b/5973e0ceab96349f9cabb3b20ecc3a717a19e355f68d354dfa538bebb226/cytoolz-0.12.3-cp310-cp310-manylinux_2_17_x86_64.manylinux2014_x86_64.whl", hash = "sha256:6c2875bcd1397d0627a09a4f9172fa513185ad302c63758efc15b8eb33cc2a98", size = 1956106 },
    { url = "https://files.pythonhosted.org/packages/d3/01/bb850ad1467f0d1dc5a21a05e3df6ad308a19d095f07583c4e65a85e2ba8/cytoolz-0.12.3-cp310-cp310-manylinux_2_5_i686.manylinux1_i686.manylinux_2_17_i686.manylinux2014_i686.whl", hash = "sha256:131ff4820e5d64a25d7ad3c3556f2d8aa65c66b3f021b03f8a8e98e4180dd808", size = 1861974 },
    { url = "https://files.pythonhosted.org/packages/c9/97/207e544a2c9c3d8735102403982a319c252c337e9cf792c2753c22cff1b6/cytoolz-0.12.3-cp310-cp310-musllinux_1_1_aarch64.whl", hash = "sha256:04afa90d9d9d18394c40d9bed48c51433d08b57c042e0e50c8c0f9799735dcbd", size = 1937926 },
    { url = "https://files.pythonhosted.org/packages/76/1e/6cc756537caef16cd491de1550c1f25140528785e28263326bd3243a19ed/cytoolz-0.12.3-cp310-cp310-musllinux_1_1_i686.whl", hash = "sha256:dc1ca9c610425f9854323669a671fc163300b873731584e258975adf50931164", size = 1859141 },
    { url = "https://files.pythonhosted.org/packages/20/43/30819bbc4348cabb44d800ab0d0efb29a9d21db8f75060fd1199d5300953/cytoolz-0.12.3-cp310-cp310-musllinux_1_1_ppc64le.whl", hash = "sha256:bfa3f8e01bc423a933f2e1c510cbb0632c6787865b5242857cc955cae220d1bf", size = 2013731 },
    { url = "https://files.pythonhosted.org/packages/bd/ab/cacabf2d0dfea006575fea900131eb491370ee1664783f80cb131f577001/cytoolz-0.12.3-cp310-cp310-musllinux_1_1_s390x.whl", hash = "sha256:f702e295dddef5f8af4a456db93f114539b8dc2a7a9bc4de7c7e41d169aa6ec3", size = 2015075 },
    { url = "https://files.pythonhosted.org/packages/79/6f/98eeee4f735bff536654625e0c38e50c4b01c13fbd9c744d3284dbccc54d/cytoolz-0.12.3-cp310-cp310-musllinux_1_1_x86_64.whl", hash = "sha256:0fbad1fb9bb47e827d00e01992a099b0ba79facf5e5aa453be066033232ac4b5", size = 1953391 },
    { url = "https://files.pythonhosted.org/packages/6a/81/80bcbc750e3c8f72d07f1e61c25597fdb23fec3c3d52542f220bff87372c/cytoolz-0.12.3-cp310-cp310-win32.whl", hash = "sha256:8587c3c3dbe78af90c5025288766ac10dc2240c1e76eb0a93a4e244c265ccefd", size = 320881 },
    { url = "https://files.pythonhosted.org/packages/45/9e/cce296c6da9404ce210c79700b85d9ba582a6e908ee88ec707efec09bcd9/cytoolz-0.12.3-cp310-cp310-win_amd64.whl", hash = "sha256:9e45803d9e75ef90a2f859ef8f7f77614730f4a8ce1b9244375734567299d239", size = 362216 },
    { url = "https://files.pythonhosted.org/packages/98/8a/618a70326d4a52998a6bbb11ca019979891a51b85cbbfce8f9762eec5d2c/cytoolz-0.12.3-cp311-cp311-macosx_10_9_x86_64.whl", hash = "sha256:3ac4f2fb38bbc67ff1875b7d2f0f162a247f43bd28eb7c9d15e6175a982e558d", size = 416356 },
    { url = "https://files.pythonhosted.org/packages/bb/17/542f708b9116aa8d8c9c5551500bfa6ab1bddd3edc11457070599a97c197/cytoolz-0.12.3-cp311-cp311-macosx_11_0_arm64.whl", hash = "sha256:0cf1e1e96dd86829a0539baf514a9c8473a58fbb415f92401a68e8e52a34ecd5", size = 398412 },
    { url = "https://files.pythonhosted.org/packages/d6/9c/52a0460f2b59009da63794cfe11ad002d55fc88fced6ccc85f7ae10a3259/cytoolz-0.12.3-cp311-cp311-manylinux_2_17_aarch64.manylinux2014_aarch64.whl", hash = "sha256:08a438701c6141dd34eaf92e9e9a1f66e23a22f7840ef8a371eba274477de85d", size = 2090389 },
    { url = "https://files.pythonhosted.org/packages/c7/6d/284d4a1f88b1e63b8a1c80162244ca5d4e0b31647c4f56186f3385fd0d0e/cytoolz-0.12.3-cp311-cp311-manylinux_2_17_ppc64le.manylinux2014_ppc64le.whl", hash = "sha256:c6b6f11b0d7ed91be53166aeef2a23a799e636625675bb30818f47f41ad31821", size = 2187333 },
    { url = "https://files.pythonhosted.org/packages/3e/44/44efcf2acf824aefab5f3fdb97235d360c216c2425db391a8dee687f1774/cytoolz-0.12.3-cp311-cp311-manylinux_2_17_s390x.manylinux2014_s390x.whl", hash = "sha256:a7fde09384d23048a7b4ac889063761e44b89a0b64015393e2d1d21d5c1f534a", size = 2173106 },
    { url = "https://files.pythonhosted.org/packages/6f/74/7c2d5af25d51f481e9be771bda2cf5496631cd0fba876d2cc0086caa732d/cytoolz-0.12.3-cp311-cp311-manylinux_2_17_x86_64.manylinux2014_x86_64.whl", hash = "sha256:6d3bfe45173cc8e6c76206be3a916d8bfd2214fb2965563e288088012f1dabfc", size = 2098805 },
    { url = "https://files.pythonhosted.org/packages/e0/e5/9995bf66caee139459ab70d8b5820c37718d5f7e7380481adb85ef522e4d/cytoolz-0.12.3-cp311-cp311-manylinux_2_5_i686.manylinux1_i686.manylinux_2_17_i686.manylinux2014_i686.whl", hash = "sha256:27513a5d5b6624372d63313574381d3217a66e7a2626b056c695179623a5cb1a", size = 1995956 },
    { url = "https://files.pythonhosted.org/packages/93/73/eee7a7f455d4691f1915b35d1713ba69c6851f940c6f8fffdd2efcbe4411/cytoolz-0.12.3-cp311-cp311-musllinux_1_1_aarch64.whl", hash = "sha256:d294e5e81ff094fe920fd545052ff30838ea49f9e91227a55ecd9f3ca19774a0", size = 2074891 },
    { url = "https://files.pythonhosted.org/packages/a3/c7/6f0c60bbb911ee3f33b243a695e2fc944285a1865bbb1dfefee1b7c35d62/cytoolz-0.12.3-cp311-cp311-musllinux_1_1_i686.whl", hash = "sha256:727b01a2004ddb513496507a695e19b5c0cfebcdfcc68349d3efd92a1c297bf4", size = 1980228 },
    { url = "https://files.pythonhosted.org/packages/58/7c/d7524626b415d410208fd2774ff2824fab4dcbe4a496d53bdba85a1407df/cytoolz-0.12.3-cp311-cp311-musllinux_1_1_ppc64le.whl", hash = "sha256:fe1e1779a39dbe83f13886d2b4b02f8c4b10755e3c8d9a89b630395f49f4f406", size = 2147616 },
    { url = "https://files.pythonhosted.org/packages/a5/7b/9bdf8615e61958386f5c7108d857312214837ae3eacf3589873499d2f0aa/cytoolz-0.12.3-cp311-cp311-musllinux_1_1_s390x.whl", hash = "sha256:de74ef266e2679c3bf8b5fc20cee4fc0271ba13ae0d9097b1491c7a9bcadb389", size = 2148775 },
    { url = "https://files.pythonhosted.org/packages/45/91/b92ab0e29bf7cfaacfedc85391a0d0365a6ac74363f2532ba307a760db14/cytoolz-0.12.3-cp311-cp311-musllinux_1_1_x86_64.whl", hash = "sha256:9e04d22049233394e0b08193aca9737200b4a2afa28659d957327aa780ddddf2", size = 2079810 },
    { url = "https://files.pythonhosted.org/packages/2f/33/8204d65871fa639d1d3ae788e3afc187f610126f53f2324d4aa37caf0630/cytoolz-0.12.3-cp311-cp311-win32.whl", hash = "sha256:20d36430d8ac809186736fda735ee7d595b6242bdb35f69b598ef809ebfa5605", size = 320212 },
    { url = "https://files.pythonhosted.org/packages/ab/e3/7ce2efaf243c9ee75fc730cd018981788b56e7ad3767f24e7a9cd14831ac/cytoolz-0.12.3-cp311-cp311-win_amd64.whl", hash = "sha256:780c06110f383344d537f48d9010d79fa4f75070d214fc47f389357dd4f010b6", size = 363570 },
    { url = "https://files.pythonhosted.org/packages/7f/57/b0feabefdff4707d0b96bf75e2298ecb209ba22c2e3fd15e5230dd68441a/cytoolz-0.12.3-cp312-cp312-macosx_10_9_x86_64.whl", hash = "sha256:86923d823bd19ce35805953b018d436f6b862edd6a7c8b747a13d52b39ed5716", size = 419825 },
    { url = "https://files.pythonhosted.org/packages/54/82/795aa9f91ee81818732b435755559857a76e16b7e435e1de434b47ce72b9/cytoolz-0.12.3-cp312-cp312-macosx_11_0_arm64.whl", hash = "sha256:a3e61acfd029bfb81c2c596249b508dfd2b4f72e31b7b53b62e5fb0507dd7293", size = 401673 },
    { url = "https://files.pythonhosted.org/packages/23/f3/298f32b2e374f4f716ca74a9e46b64ee1df9f160de262391f7f9bc53ecca/cytoolz-0.12.3-cp312-cp312-manylinux_2_17_aarch64.manylinux2014_aarch64.whl", hash = "sha256:dd728f4e6051af6af234651df49319da1d813f47894d4c3c8ab7455e01703a37", size = 2096352 },
    { url = "https://files.pythonhosted.org/packages/39/44/49929b33bd0cdccc98b281e4ca11f0836b2963c6fdec8ebb7891807ed908/cytoolz-0.12.3-cp312-cp312-manylinux_2_17_ppc64le.manylinux2014_ppc64le.whl", hash = "sha256:fe8c6267caa7ec67bcc37e360f0d8a26bc3bdce510b15b97f2f2e0143bdd3673", size = 2161581 },
    { url = "https://files.pythonhosted.org/packages/e9/77/980a8bc123490dd7112e1e068da989932b7612504355ddd25593880c3156/cytoolz-0.12.3-cp312-cp312-manylinux_2_17_s390x.manylinux2014_s390x.whl", hash = "sha256:99462abd8323c52204a2a0ce62454ce8fa0f4e94b9af397945c12830de73f27e", size = 2178057 },
    { url = "https://files.pythonhosted.org/packages/23/d9/2f7a4db7f92eab4b567e56cc2fc147fed1ef35f7968e44cefcbbfb366980/cytoolz-0.12.3-cp312-cp312-manylinux_2_17_x86_64.manylinux2014_x86_64.whl", hash = "sha256:da125221b1fa25c690fcd030a54344cecec80074df018d906fc6a99f46c1e3a6", size = 2130881 },
    { url = "https://files.pythonhosted.org/packages/85/bf/1147229198a8fc3f2090d01263234d47b5b7f8c52c20090b1cceda0929cd/cytoolz-0.12.3-cp312-cp312-manylinux_2_5_i686.manylinux1_i686.manylinux_2_17_i686.manylinux2014_i686.whl", hash = "sha256:1c18e351956f70db9e2d04ff02f28e9a41839250d3f936a4c8a1eabd1c3094d2", size = 1979975 },
    { url = "https://files.pythonhosted.org/packages/5b/53/b730e9f428e74971f934bf73f0868099d325ffbf0c080a201bb16b6ab508/cytoolz-0.12.3-cp312-cp312-musllinux_1_1_aarch64.whl", hash = "sha256:921e6d2440ac758c4945c587b1d1d9b781b72737ac0c0ca5d5e02ca1db8bded2", size = 2086861 },
    { url = "https://files.pythonhosted.org/packages/24/24/df510850c1c57ad69a23a2700083cfd285faf27d16e61f0e503eec122473/cytoolz-0.12.3-cp312-cp312-musllinux_1_1_i686.whl", hash = "sha256:1651a9bd591a8326329ce1d6336f3129161a36d7061a4d5ea9e5377e033364cf", size = 1973211 },
    { url = "https://files.pythonhosted.org/packages/b6/ad/a6e27924a6c8048b4f1ffbd8b9b0b871642bd94d3e457aa42a629c1f667b/cytoolz-0.12.3-cp312-cp312-musllinux_1_1_ppc64le.whl", hash = "sha256:8893223b87c2782bd59f9c4bd5c7bf733edd8728b523c93efb91d7468b486528", size = 2133017 },
    { url = "https://files.pythonhosted.org/packages/26/a3/f9dfb406232d0a100994a86c123259cd2ab023aa8ae325b0d9926f80091f/cytoolz-0.12.3-cp312-cp312-musllinux_1_1_s390x.whl", hash = "sha256:e4d2961644153c5ae186db964aa9f6109da81b12df0f1d3494b4e5cf2c332ee2", size = 2156771 },
    { url = "https://files.pythonhosted.org/packages/fb/bf/ce2c6f6175a29c830904b23faee557de8c167255dbb2bb84e04d7cf5605a/cytoolz-0.12.3-cp312-cp312-musllinux_1_1_x86_64.whl", hash = "sha256:71b6eb97f6695f7ba8ce69c49b707a351c5f46fd97f5aeb5f6f2fb0d6e72b887", size = 2121104 },
    { url = "https://files.pythonhosted.org/packages/bf/97/95a5fb2b5db9b1ea8856741a2a94741a71cb5640112403029beb7b3ef1df/cytoolz-0.12.3-cp312-cp312-win32.whl", hash = "sha256:cee3de65584e915053412cd178729ff510ad5f8f585c21c5890e91028283518f", size = 320537 },
    { url = "https://files.pythonhosted.org/packages/0a/11/3e69585342ce4e6b7f2f6139c8aa235dab5a4fe5c76a051fe01696618bd0/cytoolz-0.12.3-cp312-cp312-win_amd64.whl", hash = "sha256:9eef0d23035fa4dcfa21e570961e86c375153a7ee605cdd11a8b088c24f707f6", size = 363238 },
    { url = "https://files.pythonhosted.org/packages/ac/21/b68d7c043b38001b90788bf940aad9bc51afb1e94d7e5e93fbab438fcab3/cytoolz-0.12.3-cp39-cp39-macosx_10_9_x86_64.whl", hash = "sha256:b4a52dd2a36b0a91f7aa50ca6c8509057acc481a24255f6cb07b15d339a34e0f", size = 416205 },
    { url = "https://files.pythonhosted.org/packages/69/06/f819cb6a79e9fe13fd5d69e59495667b742380425f0357665e2ff775b499/cytoolz-0.12.3-cp39-cp39-macosx_11_0_arm64.whl", hash = "sha256:581f1ce479769fe7eeb9ae6d87eadb230df8c7c5fff32138162cdd99d7fb8fc3", size = 398534 },
    { url = "https://files.pythonhosted.org/packages/4c/a7/223c9f0a95bc6f0a6f7a955fa74f6befef6a896c6763912aae43152945ab/cytoolz-0.12.3-cp39-cp39-manylinux_2_17_aarch64.manylinux2014_aarch64.whl", hash = "sha256:46f505d4c6eb79585c8ad0b9dc140ef30a138c880e4e3b40230d642690e36366", size = 1945066 },
    { url = "https://files.pythonhosted.org/packages/74/95/24a5cf86fa74f0b4708a59d93a647ab7870546d4be7213a38b6cbe3e1e00/cytoolz-0.12.3-cp39-cp39-manylinux_2_17_ppc64le.manylinux2014_ppc64le.whl", hash = "sha256:59276021619b432a5c21c01cda8320b9cc7dbc40351ffc478b440bfccd5bbdd3", size = 2026912 },
    { url = "https://files.pythonhosted.org/packages/56/17/fe5cd6c27c582b2ef007e1f790773e973e743055e5654f7b78995325b190/cytoolz-0.12.3-cp39-cp39-manylinux_2_17_s390x.manylinux2014_s390x.whl", hash = "sha256:e44f4c25e1e7cf6149b499c74945a14649c8866d36371a2c2d2164e4649e7755", size = 2012027 },
    { url = "https://files.pythonhosted.org/packages/a3/1c/a7e6f163325a63feaed0a617e271a1adfbf954ec4ce113e1c0074063d108/cytoolz-0.12.3-cp39-cp39-manylinux_2_17_x86_64.manylinux2014_x86_64.whl", hash = "sha256:c64f8e60c1dd69e4d5e615481f2d57937746f4a6be2d0f86e9e7e3b9e2243b5e", size = 1968241 },
    { url = "https://files.pythonhosted.org/packages/c0/25/105c2af52d09936f7cb3c2cb1a259894dee45fdecf5e278f0f381c89c3e6/cytoolz-0.12.3-cp39-cp39-manylinux_2_5_i686.manylinux1_i686.manylinux_2_17_i686.manylinux2014_i686.whl", hash = "sha256:33c63186f3bf9d7ef1347bc0537bb9a0b4111a0d7d6e619623cabc18fef0dc3b", size = 1872825 },
    { url = "https://files.pythonhosted.org/packages/34/de/9fb3dc08f31afaf93e3b7fd997f260fd973720b2e09d5fc359defa83d8a9/cytoolz-0.12.3-cp39-cp39-musllinux_1_1_aarch64.whl", hash = "sha256:fdddb9d988405f24035234f1e8d1653ab2e48cc2404226d21b49a129aefd1d25", size = 1951717 },
    { url = "https://files.pythonhosted.org/packages/b6/cb/6f73fadcc2992047d25794e2ea6db628327ac0d9c39a91f8b53377f3b803/cytoolz-0.12.3-cp39-cp39-musllinux_1_1_i686.whl", hash = "sha256:6986632d8a969ea1e720990c818dace1a24c11015fd7c59b9fea0b65ef71f726", size = 1872712 },
    { url = "https://files.pythonhosted.org/packages/5a/34/a260b64f43d318a75bd9b661172ea019301c3df98efef2154005946c25c4/cytoolz-0.12.3-cp39-cp39-musllinux_1_1_ppc64le.whl", hash = "sha256:0ba1cbc4d9cd7571c917f88f4a069568e5121646eb5d82b2393b2cf84712cf2a", size = 2027103 },
    { url = "https://files.pythonhosted.org/packages/1e/bc/b413c8b4f1b38e051da9df5b65c8d0b3a033593f584773be7495ef4b2484/cytoolz-0.12.3-cp39-cp39-musllinux_1_1_s390x.whl", hash = "sha256:7d267ffc9a36c0a9a58c7e0adc9fa82620f22e4a72533e15dd1361f57fc9accf", size = 2028642 },
    { url = "https://files.pythonhosted.org/packages/3b/36/a14e47d241c703681707df9fc98bb7e5b20ad2fd62741e201b5aacad3d24/cytoolz-0.12.3-cp39-cp39-musllinux_1_1_x86_64.whl", hash = "sha256:95e878868a172a41fbf6c505a4b967309e6870e22adc7b1c3b19653d062711fa", size = 1967107 },
    { url = "https://files.pythonhosted.org/packages/72/35/346bea912e1a01fa88524a1a247540b9da18a9898d81b4a196a7b2bf8a8e/cytoolz-0.12.3-cp39-cp39-win32.whl", hash = "sha256:8e21932d6d260996f7109f2a40b2586070cb0a0cf1d65781e156326d5ebcc329", size = 323484 },
    { url = "https://files.pythonhosted.org/packages/bf/73/08541c3ed84bc8ff1afcf39b0b3bf09118e8faf6c2286e2f0778effe8b54/cytoolz-0.12.3-cp39-cp39-win_amd64.whl", hash = "sha256:0d8edfbc694af6c9bda4db56643fb8ed3d14e47bec358c2f1417de9a12d6d1fb", size = 364351 },
    { url = "https://files.pythonhosted.org/packages/00/8c/c58e2f14a88132722988ee0951b01ee6cc4880302384f064902d6e8fb048/cytoolz-0.12.3-pp310-pypy310_pp73-macosx_10_9_x86_64.whl", hash = "sha256:55f9bd1ae6c2a27eda5abe2a0b65a83029d2385c5a1da7b8ef47af5905d7e905", size = 353101 },
    { url = "https://files.pythonhosted.org/packages/35/99/6ef817203004c7055370fa1ab3bb0dfc6b7ebd0b4942099ce86007614001/cytoolz-0.12.3-pp310-pypy310_pp73-manylinux_2_17_aarch64.manylinux2014_aarch64.whl", hash = "sha256:d2d271393c378282727f1231d40391ae93b93ddc0997448acc21dd0cb6a1e56d", size = 385225 },
    { url = "https://files.pythonhosted.org/packages/a2/25/64e5907b15bd16f0f38e825762540ee3293b513f2eb4b9bb51b7f78d5457/cytoolz-0.12.3-pp310-pypy310_pp73-manylinux_2_5_i686.manylinux1_i686.manylinux_2_17_i686.manylinux2014_i686.whl", hash = "sha256:ee98968d6a66ee83a8ceabf31182189ab5d8598998c8ce69b6d5843daeb2db60", size = 405888 },
    { url = "https://files.pythonhosted.org/packages/17/c0/0e19ab05222cf2370d580e5500409c26266f89e853fa18b2b12c530f3957/cytoolz-0.12.3-pp310-pypy310_pp73-manylinux_2_5_x86_64.manylinux1_x86_64.manylinux_2_17_x86_64.manylinux2014_x86_64.whl", hash = "sha256:01cfb8518828c1189200c02a5010ea404407fb18fd5589e29c126e84bbeadd36", size = 396781 },
    { url = "https://files.pythonhosted.org/packages/5e/39/bee67e2b541ca3478a982c68d7d23b718fa7f2947bdfc0eecdba9c4e0882/cytoolz-0.12.3-pp310-pypy310_pp73-win_amd64.whl", hash = "sha256:456395d7aec01db32bf9e6db191d667347c78d8d48e77234521fa1078f60dabb", size = 340712 },
    { url = "https://files.pythonhosted.org/packages/26/cc/e6fed5e1c51a7df82d86c85ef9ac56d1ddb747ae2535ce578084ab609435/cytoolz-0.12.3-pp39-pypy39_pp73-macosx_10_9_x86_64.whl", hash = "sha256:a447247ed312dd64e3a8d9483841ecc5338ee26d6e6fbd29cd373ed030db0240", size = 352376 },
    { url = "https://files.pythonhosted.org/packages/34/83/63d98c0ec2f0c4c0342a374ce7d0ce19849fded45d662fbfa45a5a813a00/cytoolz-0.12.3-pp39-pypy39_pp73-manylinux_2_17_aarch64.manylinux2014_aarch64.whl", hash = "sha256:ba3f843aa89f35467b38c398ae5b980a824fdbdb94065adc6ec7c47a0a22f4c7", size = 384142 },
    { url = "https://files.pythonhosted.org/packages/d2/11/487d21afbabf9f99390d2d43515d91de1e58aea78bdb39c520e45ae8d558/cytoolz-0.12.3-pp39-pypy39_pp73-manylinux_2_5_i686.manylinux1_i686.manylinux_2_17_i686.manylinux2014_i686.whl", hash = "sha256:582c22f97a380211fb36a7b65b1beeb84ea11d82015fa84b054be78580390082", size = 404529 },
    { url = "https://files.pythonhosted.org/packages/5e/93/f0dbc7a53fe1534adb6bdadd15ce7cc790edddabacf14aa58770e37b24ab/cytoolz-0.12.3-pp39-pypy39_pp73-manylinux_2_5_x86_64.manylinux1_x86_64.manylinux_2_17_x86_64.manylinux2014_x86_64.whl", hash = "sha256:47feb089506fc66e1593cd9ade3945693a9d089a445fbe9a11385cab200b9f22", size = 395881 },
    { url = "https://files.pythonhosted.org/packages/b4/6c/91c2ef18235e2394402196f111277e5767369eb4f83213bda1102c5277d8/cytoolz-0.12.3-pp39-pypy39_pp73-win_amd64.whl", hash = "sha256:ba9002d2f043943744a9dc8e50a47362bcb6e6f360dc0a1abcb19642584d87bb", size = 340238 },
]

[[package]]
name = "eth-hash"
version = "0.7.0"
source = { registry = "https://pypi.org/simple" }
sdist = { url = "https://files.pythonhosted.org/packages/c6/b6/57c89b91cf2dbb02b3019337f97bf346167d06cd23d3bde43c9fe52cae7e/eth-hash-0.7.0.tar.gz", hash = "sha256:bacdc705bfd85dadd055ecd35fd1b4f846b671add101427e089a4ca2e8db310a", size = 12463 }
wheels = [
    { url = "https://files.pythonhosted.org/packages/73/f0/a35e791bd73fa425838d8d0157754150ded141a94cf30d567dfeb9d57316/eth_hash-0.7.0-py3-none-any.whl", hash = "sha256:b8d5a230a2b251f4a291e3164a23a14057c4a6de4b0aa4a16fa4dc9161b57e2f", size = 8650 },
]

[[package]]
name = "eth-typing"
version = "5.0.0"
source = { registry = "https://pypi.org/simple" }
dependencies = [
    { name = "typing-extensions" },
]
sdist = { url = "https://files.pythonhosted.org/packages/94/0a/27010c2670f130019d787906038f43d4c0b2896d696d3bbc46e98c75ea61/eth_typing-5.0.0.tar.gz", hash = "sha256:87ce7cee75665c09d2dcff8de1b496609d5e32fcd2e2b1d8fc0370c29eedcdc0", size = 22595 }
wheels = [
    { url = "https://files.pythonhosted.org/packages/27/fa/c44a9406dad56031acade4c5921cdaf4427082a3e49fec0f79b9e2564c86/eth_typing-5.0.0-py3-none-any.whl", hash = "sha256:c7ebc8595e7b65175bb4b4176c2b548ab21b13329f2058e84d4f8c289ba9f577", size = 20079 },
]

[[package]]
name = "eth-utils"
version = "5.0.0"
source = { registry = "https://pypi.org/simple" }
dependencies = [
    { name = "cytoolz", marker = "implementation_name == 'cpython'" },
    { name = "eth-hash" },
    { name = "eth-typing" },
    { name = "hexbytes" },
    { name = "toolz", marker = "implementation_name == 'pypy'" },
]
sdist = { url = "https://files.pythonhosted.org/packages/27/c5/8409a2afe1bcd70fa63d7b4c54185f36ab959299767eb45d0b8ca0db77a6/eth_utils-5.0.0.tar.gz", hash = "sha256:a5eb9555f43f4579eb83cb84f9dda9f3d6663bbd4a5a6b693f8d35045f305a1f", size = 120193 }
wheels = [
    { url = "https://files.pythonhosted.org/packages/be/2d/6557e000bb44529c4c7b2621f88bc344fcdbd0c46bd1b3f75b39f1bb19f5/eth_utils-5.0.0-py3-none-any.whl", hash = "sha256:99c44eca11db74dbb881a1d70b24cd80436fc62fe527d2f5c3e3cf7932aba7b2", size = 100489 },
]

[[package]]
name = "hexbytes"
version = "1.2.1"
source = { registry = "https://pypi.org/simple" }
sdist = { url = "https://files.pythonhosted.org/packages/4e/51/06836a542b773bfc60ab871fa08d4a7963e7df6754ca57169e2654287cc1/hexbytes-1.2.1.tar.gz", hash = "sha256:515f00dddf31053db4d0d7636dd16061c1d896c3109b8e751005db4ca46bcca7", size = 7722 }
wheels = [
    { url = "https://files.pythonhosted.org/packages/39/c6/20f25ea73e4ceffb3eb4e38347f2992cb25e5ff6eb644d52e753a7a72f57/hexbytes-1.2.1-py3-none-any.whl", hash = "sha256:e64890b203a31f4a23ef11470ecfcca565beaee9198df623047df322b757471a", size = 5160 },
]

[[package]]
name = "py-ecc"
version = "7.0.1"
source = { registry = "https://pypi.org/simple" }
dependencies = [
    { name = "cached-property" },
    { name = "eth-typing" },
    { name = "eth-utils" },
]
sdist = { url = "https://files.pythonhosted.org/packages/ca/bd/dfe49226d5f137d11a946c4b3f3db2ff87b6b02390db8d95b0098365a2db/py_ecc-7.0.1.tar.gz", hash = "sha256:557461f42e57294d734305a30faf6b8903421651871e9cdeff8d8e67c6796c70", size = 45428 }
wheels = [
    { url = "https://files.pythonhosted.org/packages/5b/f0/a899d0d3e0d2fb5eb95c15ae9f277cb3ee139d4f1576c4c68f08a1301470/py_ecc-7.0.1-py3-none-any.whl", hash = "sha256:84a8b4d436163c83c65345a68e32f921ef6e64374a36f8e561f0455b4b08f5f2", size = 43309 },
]

[[package]]
name = "py-plonk"
version = "0.1.0"
source = { virtual = "." }
dependencies = [
    { name = "py-ecc" },
    { name = "pycryptodome" },
]

[package.metadata]
requires-dist = [
    { name = "py-ecc", specifier = ">=7.0.1" },
    { name = "pycryptodome", specifier = ">=3.20.0" },
]

[[package]]
name = "pycryptodome"
version = "3.20.0"
source = { registry = "https://pypi.org/simple" }
sdist = { url = "https://files.pythonhosted.org/packages/b9/ed/19223a0a0186b8a91ebbdd2852865839237a21c74f1fbc4b8d5b62965239/pycryptodome-3.20.0.tar.gz", hash = "sha256:09609209ed7de61c2b560cc5c8c4fbf892f8b15b1faf7e4cbffac97db1fffda7", size = 4794232 }
wheels = [
    { url = "https://files.pythonhosted.org/packages/ff/96/b0d494defb3346378086848a8ece5ddfd138a66c4a05e038fca873b2518c/pycryptodome-3.20.0-cp35-abi3-macosx_10_9_universal2.whl", hash = "sha256:ac1c7c0624a862f2e53438a15c9259d1655325fc2ec4392e66dc46cdae24d044", size = 2427142 },
    { url = "https://files.pythonhosted.org/packages/24/80/56a04e2ae622d7f38c1c01aef46a26c6b73a2ad15c9705a8e008b5befb03/pycryptodome-3.20.0-cp35-abi3-macosx_10_9_x86_64.whl", hash = "sha256:76658f0d942051d12a9bd08ca1b6b34fd762a8ee4240984f7c06ddfb55eaf15a", size = 1590045 },
    { url = "https://files.pythonhosted.org/packages/ea/94/82ebfa5c83d980907ceebf79b00909a569d258bdfd9b0264d621fa752cfd/pycryptodome-3.20.0-cp35-abi3-manylinux_2_17_aarch64.manylinux2014_aarch64.whl", hash = "sha256:f35d6cee81fa145333137009d9c8ba90951d7d77b67c79cbe5f03c7eb74d8fe2", size = 2061748 },
    { url = "https://files.pythonhosted.org/packages/af/20/5f29ec45462360e7f61e8688af9fe4a0afae057edfabdada662e11bf97e7/pycryptodome-3.20.0-cp35-abi3-manylinux_2_17_x86_64.manylinux2014_x86_64.whl", hash = "sha256:76cb39afede7055127e35a444c1c041d2e8d2f1f9c121ecef573757ba4cd2c3c", size = 2135687 },
    { url = "https://files.pythonhosted.org/packages/e5/1f/6bc4beb4adc07b847e5d3fddbec4522c2c3aa05df9e61b91dc4eff6a4946/pycryptodome-3.20.0-cp35-abi3-manylinux_2_5_i686.manylinux1_i686.manylinux_2_17_i686.manylinux2014_i686.whl", hash = "sha256:49a4c4dc60b78ec41d2afa392491d788c2e06edf48580fbfb0dd0f828af49d25", size = 2164262 },
    { url = "https://files.pythonhosted.org/packages/30/4b/cbc67cda0efd55d7ddcc98374c4b9c853022a595ed1d78dd15c961bc7f6e/pycryptodome-3.20.0-cp35-abi3-musllinux_1_1_aarch64.whl", hash = "sha256:fb3b87461fa35afa19c971b0a2b7456a7b1db7b4eba9a8424666104925b78128", size = 2054347 },
    { url = "https://files.pythonhosted.org/packages/0d/08/01987ab75ca789247a88c8b2f0ce374ef7d319e79589e0842e316a272662/pycryptodome-3.20.0-cp35-abi3-musllinux_1_1_i686.whl", hash = "sha256:acc2614e2e5346a4a4eab6e199203034924313626f9620b7b4b38e9ad74b7e0c", size = 2192762 },
    { url = "https://files.pythonhosted.org/packages/b5/bf/798630923b67f4201059c2d690105998f20a6a8fb9b5ab68d221985155b3/pycryptodome-3.20.0-cp35-abi3-musllinux_1_1_x86_64.whl", hash = "sha256:210ba1b647837bfc42dd5a813cdecb5b86193ae11a3f5d972b9a0ae2c7e9e4b4", size = 2155230 },
    { url = "https://files.pythonhosted.org/packages/39/12/5fe7f5b9212dda9f5a26f842a324d6541fe1ca8059602124ff30db1e874b/pycryptodome-3.20.0-cp35-abi3-win32.whl", hash = "sha256:8d6b98d0d83d21fb757a182d52940d028564efe8147baa9ce0f38d057104ae72", size = 1723464 },
    { url = "https://files.pythonhosted.org/packages/1f/90/d131c0eb643290230dfa4108b7c2d135122d88b714ad241d77beb4782a76/pycryptodome-3.20.0-cp35-abi3-win_amd64.whl", hash = "sha256:9b3ae153c89a480a0ec402e23db8d8d84a3833b65fa4b15b81b83be9d637aab9", size = 1759588 },
    { url = "https://files.pythonhosted.org/packages/17/87/c7153fcd400df0f4a67d7d92cdb6b5e43f309c22434374b8a61849dfb280/pycryptodome-3.20.0-pp27-pypy_73-manylinux2010_x86_64.whl", hash = "sha256:4401564ebf37dfde45d096974c7a159b52eeabd9969135f0426907db367a652a", size = 1639310 },
    { url = "https://files.pythonhosted.org/packages/68/9a/88d984405b087e8c8dd9a9d4c81a6fa675454e5fcf2ae01d9553b3128637/pycryptodome-3.20.0-pp27-pypy_73-win32.whl", hash = "sha256:ec1f93feb3bb93380ab0ebf8b859e8e5678c0f010d2d78367cf6bc30bfeb148e", size = 1708332 },
    { url = "https://files.pythonhosted.org/packages/c7/10/88fb67d2fa545ce2ac61cfda70947bcbb1769f1956315c4b919d79774897/pycryptodome-3.20.0-pp310-pypy310_pp73-macosx_10_9_x86_64.whl", hash = "sha256:acae12b9ede49f38eb0ef76fdec2df2e94aad85ae46ec85be3648a57f0a7db04", size = 1565619 },
    { url = "https://files.pythonhosted.org/packages/a2/40/63dff38fa4f7888f812263494d4a745eeed180ff09dd7b8350a81eb09d21/pycryptodome-3.20.0-pp310-pypy310_pp73-manylinux_2_17_x86_64.manylinux2014_x86_64.whl", hash = "sha256:f47888542a0633baff535a04726948e876bf1ed880fddb7c10a736fa99146ab3", size = 1606403 },
    { url = "https://files.pythonhosted.org/packages/8b/61/522235ca81d9dcfcf8b4cbc253b3a8a1f2231603d486369a8a02eb998f31/pycryptodome-3.20.0-pp310-pypy310_pp73-manylinux_2_5_i686.manylinux1_i686.manylinux_2_17_i686.manylinux2014_i686.whl", hash = "sha256:6e0e4a987d38cfc2e71b4a1b591bae4891eeabe5fa0f56154f576e26287bfdea", size = 1637284 },
    { url = "https://files.pythonhosted.org/packages/e9/a7/5aa0596f7fc710fd55b4e6bbb025fedacfec929465a618f20e61ebf7df76/pycryptodome-3.20.0-pp310-pypy310_pp73-win_amd64.whl", hash = "sha256:c18b381553638414b38705f07d1ef0a7cf301bc78a5f9bc17a957eb19446834b", size = 1741193 },
    { url = "https://files.pythonhosted.org/packages/53/a3/1345f914963d7d668a5423dc563deafae02479bd1c69b39180724475584f/pycryptodome-3.20.0-pp39-pypy39_pp73-macosx_10_9_x86_64.whl", hash = "sha256:a60fedd2b37b4cb11ccb5d0399efe26db9e0dd149016c1cc6c8161974ceac2d6", size = 1565490 },
    { url = "https://files.pythonhosted.org/packages/6a/3d/ba3905a0ae6dd4e8686dbde85c71ce38e27f5ad3587424891238ad520aaf/pycryptodome-3.20.0-pp39-pypy39_pp73-manylinux_2_17_x86_64.manylinux2014_x86_64.whl", hash = "sha256:405002eafad114a2f9a930f5db65feef7b53c4784495dd8758069b89baf68eab", size = 1606310 },
    { url = "https://files.pythonhosted.org/packages/5d/c3/5530f270c4ec87953fbed203e4f1f4a2fa002bc43efdc1b3cf9ab442e741/pycryptodome-3.20.0-pp39-pypy39_pp73-manylinux_2_5_i686.manylinux1_i686.manylinux_2_17_i686.manylinux2014_i686.whl", hash = "sha256:2ab6ab0cb755154ad14e507d1df72de9897e99fd2d4922851a276ccc14f4f1a5", size = 1637201 },
    { url = "https://files.pythonhosted.org/packages/09/12/34eb6587adcee5d676533e4c217a6385a2f4d90086198a3b1ade5dcdf684/pycryptodome-3.20.0-pp39-pypy39_pp73-win_amd64.whl", hash = "sha256:acf6e43fa75aca2d33e93409f2dafe386fe051818ee79ee8a3e21de9caa2ac9e", size = 1741088 },
]

[[package]]
name = "toolz"
version = "0.12.1"
source = { registry = "https://pypi.org/simple" }
sdist = { url = "https://files.pythonhosted.org/packages/3e/bf/5e12db234df984f6df3c7f12f1428aa680ba4e101f63f4b8b3f9e8d2e617/toolz-0.12.1.tar.gz", hash = "sha256:ecca342664893f177a13dac0e6b41cbd8ac25a358e5f215316d43e2100224f4d", size = 66550 }
wheels = [
    { url = "https://files.pythonhosted.org/packages/b7/8a/d82202c9f89eab30f9fc05380daae87d617e2ad11571ab23d7c13a29bb54/toolz-0.12.1-py3-none-any.whl", hash = "sha256:d22731364c07d72eea0a0ad45bafb2c2937ab6fd38a3507bf55eae8744aa7d85", size = 56121 },
]

[[package]]
name = "typing-extensions"
version = "4.12.2"
source = { registry = "https://pypi.org/simple" }
sdist = { url = "https://files.pythonhosted.org/packages/df/db/f35a00659bc03fec321ba8bce9420de607a1d37f8342eee1863174c69557/typing_extensions-4.12.2.tar.gz", hash = "sha256:1a7ead55c7e559dd4dee8856e3a88b41225abfe1ce8df57b7c13915fe121ffb8", size = 85321 }
wheels = [
    { url = "https://files.pythonhosted.org/packages/26/9f/ad63fc0248c5379346306f8668cda6e2e2e9c95e01216d2b8ffd9ff037d0/typing_extensions-4.12.2-py3-none-any.whl", hash = "sha256:04e5ca0351e0f3f85c6853954072df659d0d13fac324d0072316b67d7794700d", size = 37438 },
]
